
Microsoft Visual Studio Solution File, Format Version 12.00
# Visual Studio Version 16
VisualStudioVersion = 16.0.29503.13
MinimumVisualStudioVersion = 10.0.40219.1
Project("{9A19103F-16F7-4668-BE54-9A1E7A4F7556}") = "NetEZ.Utility", "NetEZ.Utility\NetEZ.Utility.csproj", "{0B41C5E2-83C3-4B5B-ABF3-9EE96E96DB84}"
EndProject
Project("{9A19103F-16F7-4668-BE54-9A1E7A4F7556}") = "NetEZ.Core", "NetEZ.Core\NetEZ.Core.csproj", "{0511FE2C-C40F-4685-9F85-541762E9AA78}"
EndProject
Global
	GlobalSection(SolutionConfigurationPlatforms) = preSolution
		Debug|Any CPU = Debug|Any CPU
		Release|Any CPU = Release|Any CPU
	EndGlobalSection
	GlobalSection(ProjectConfigurationPlatforms) = postSolution
		{0B41C5E2-83C3-4B5B-ABF3-9EE96E96DB84}.Debug|Any CPU.ActiveCfg = Debug|Any CPU
		{0B41C5E2-83C3-4B5B-ABF3-9EE96E96DB84}.Debug|Any CPU.Build.0 = Debug|Any CPU
		{0B41C5E2-83C3-4B5B-ABF3-9EE96E96DB84}.Release|Any CPU.ActiveCfg = Release|Any CPU
		{0B41C5E2-83C3-4B5B-ABF3-9EE96E96DB84}.Release|Any CPU.Build.0 = Release|Any CPU
		{0511FE2C-C40F-4685-9F85-541762E9AA78}.Debug|Any CPU.ActiveCfg = Debug|Any CPU
		{0511FE2C-C40F-4685-9F85-541762E9AA78}.Debug|Any CPU.Build.0 = Debug|Any CPU
		{0511FE2C-C40F-4685-9F85-541762E9AA78}.Release|Any CPU.ActiveCfg = Release|Any CPU
		{0511FE2C-C40F-4685-9F85-541762E9AA78}.Release|Any CPU.Build.0 = Release|Any CPU
	EndGlobalSection
	GlobalSection(SolutionProperties) = preSolution
		HideSolutionNode = FALSE
	EndGlobalSection
	GlobalSection(ExtensibilityGlobals) = postSolution
		SolutionGuid = {D6278977-2956-4FF4-9358-C8CC5A4EF0EF}
	EndGlobalSection
EndGlobal
