
Microsoft Visual Studio Solution File, Format Version 12.00
# Visual Studio Version 16
VisualStudioVersion = 16.0.29503.13
MinimumVisualStudioVersion = 10.0.40219.1
Project("{FAE04EC0-301F-11D3-BF4B-00C04F79EFBC}") = "NetEZ.Utility", "NetEZ.Utility.csproj", "{AA7EBCAD-E058-48BB-AA23-797439C64760}"
EndProject
Global
	GlobalSection(SolutionConfigurationPlatforms) = preSolution
		Debug|Any CPU = Debug|Any CPU
		Release|Any CPU = Release|Any CPU
	EndGlobalSection
	GlobalSection(ProjectConfigurationPlatforms) = postSolution
		{AA7EBCAD-E058-48BB-AA23-797439C64760}.Debug|Any CPU.ActiveCfg = Debug|Any CPU
		{AA7EBCAD-E058-48BB-AA23-797439C64760}.Debug|Any CPU.Build.0 = Debug|Any CPU
		{AA7EBCAD-E058-48BB-AA23-797439C64760}.Release|Any CPU.ActiveCfg = Release|Any CPU
		{AA7EBCAD-E058-48BB-AA23-797439C64760}.Release|Any CPU.Build.0 = Release|Any CPU
	EndGlobalSection
	GlobalSection(SolutionProperties) = preSolution
		HideSolutionNode = FALSE
	EndGlobalSection
	GlobalSection(ExtensibilityGlobals) = postSolution
		SolutionGuid = {7F5A541B-9A2A-4DD4-A3EF-E9DFF47D9C6A}
	EndGlobalSection
EndGlobal
